
Microsoft Visual Studio Solution File, Format Version 12.00
# Visual Studio Version 17
VisualStudioVersion = 17.3.32929.385
MinimumVisualStudioVersion = 10.0.40219.1
Project("{FAE04EC0-301F-11D3-BF4B-00C04F79EFBC}") = "AoC", "AoC.csproj", "{DF4001E1-CB3D-494B-B0F7-C65472797240}"
EndProject
Global
	GlobalSection(SolutionConfigurationPlatforms) = preSolution
		Debug|Any CPU = Debug|Any CPU
		Release|Any CPU = Release|Any CPU
	EndGlobalSection
	GlobalSection(ProjectConfigurationPlatforms) = postSolution
		{DF4001E1-CB3D-494B-B0F7-C65472797240}.Debug|Any CPU.ActiveCfg = Debug|Any CPU
		{DF4001E1-CB3D-494B-B0F7-C65472797240}.Debug|Any CPU.Build.0 = Debug|Any CPU
		{DF4001E1-CB3D-494B-B0F7-C65472797240}.Release|Any CPU.ActiveCfg = Release|Any CPU
		{DF4001E1-CB3D-494B-B0F7-C65472797240}.Release|Any CPU.Build.0 = Release|Any CPU
	EndGlobalSection
	GlobalSection(SolutionProperties) = preSolution
		HideSolutionNode = FALSE
	EndGlobalSection
	GlobalSection(ExtensibilityGlobals) = postSolution
		SolutionGuid = {7884ED0C-F375-486D-A231-7142DD147CB6}
	EndGlobalSection
EndGlobal
